dependencies:
- name: postgresql
  repository: https://charts.bitnami.com/bitnami
  version: 16.6.0
- name: redis
  repository: https://charts.bitnami.com/bitnami
  version: 19.6.4
digest: sha256:e73e4950e0298d586426a73f2c4b6c0a4a6f9f0cc4dff28bd8ec8247fe3414f4
generated: "2025-03-28T11:32:59.786746817Z"
