dependencies:
- name: postgresql
  repository: https://charts.bitnami.com/bitnami
  version: 16.3.2
- name: postgresql-ha
  repository: https://charts.bitnami.com/bitnami
  version: 9.4.11
- name: redis
  repository: https://charts.bitnami.com/bitnami
  version: 20.6.0
digest: sha256:72be67da8f6b97b5d63d23efc59dc8f63f351429fedccad2bd546cd847fd19cd
generated: "2024-12-16T23:45:43.753992983Z"
