dependencies:
- name: mysql
  repository: https://charts.helm.sh/stable
  version: 1.6.7
- name: postgresql
  repository: https://charts.bitnami.com/bitnami
  version: 9.4.1
- name: rabbitmq
  repository: https://charts.helm.sh/stable
  version: 6.18.2
- name: redis
  repository: https://charts.helm.sh/stable
  version: 10.5.7
digest: sha256:21bf8bfc6cd2e6f311bb1854ceb1550a811b2825751ea4f6eeee412a53ab68b3
generated: "2020-11-08T22:23:45.114147952+01:00"
