dependencies:
- name: mysql
  repository: https://kubernetes-charts.storage.googleapis.com/
  version: 0.15.0
- name: rabbitmq
  repository: https://kubernetes-charts.storage.googleapis.com/
  version: 4.3.1
- name: redis
  repository: https://kubernetes-charts.storage.googleapis.com/
  version: 6.1.4
digest: sha256:6601b32f8869ad878ae55c7f070768aff6811a7a82112b2ce29b6fc30bb99bd8
generated: 2019-03-08T07:20:11.987685+01:00
