{
  "requires": true,
  "lockfileVersion": 1,
  "dependencies": {
    "bootstrap-social": {
      "version": "4.8.0",
      "resolved": "https://registry.npmjs.org/bootstrap-social/-/bootstrap-social-4.8.0.tgz",
      "integrity": "sha1-ZtRj3JZtbbQH37mTNR1YxTSqLHo=",
      "requires": {
        "bootstrap": "~3",
        "font-awesome": "~4.3"
      },
      "dependencies": {
        "bootstrap": {
          "version": "3.4.1",
          "resolved": "https://registry.npmjs.org/bootstrap/-/bootstrap-3.4.1.tgz",
          "integrity": "sha512-yN5oZVmRCwe5aKwzRj6736nSmKDX7pLYwsXiCj/EYmo16hODaBiT4En5btW/jhBF/seV+XMx3aYwukYC3A49DA=="
        }
      }
    },
    "datatables": {
      "version": "1.10.18",
      "resolved": "https://registry.npmjs.org/datatables/-/datatables-1.10.18.tgz",
      "integrity": "sha512-ntatMgS9NN6UMpwbmO+QkYJuKlVeMA2Mi0Gu/QxyIh+dW7ZjLSDhPT2tWlzjpIWEkDYgieDzS9Nu7bdQCW0sbQ==",
      "requires": {
        "jquery": ">=1.7"
      },
      "dependencies": {
        "jquery": {
          "version": "3.4.1",
          "resolved": "https://registry.npmjs.org/jquery/-/jquery-3.4.1.tgz",
          "integrity": "sha512-36+AdBzCL+y6qjw5Tx7HgzeGCzC81MDDgaUP8ld2zhx58HdqXGoBd+tHdrBMiyjGQs0Hxs/MLZTu/eHNJJuWPw=="
        }
      }
    },
    "drmonty-datatables-plugins": {
      "version": "1.0.1",
      "resolved": "https://registry.npmjs.org/drmonty-datatables-plugins/-/drmonty-datatables-plugins-1.0.1.tgz",
      "integrity": "sha1-7O7UJdyX2jz6vzCMY1KdkUIRiuo=",
      "requires": {
        "jquery": ">=1.7"
      },
      "dependencies": {
        "jquery": {
          "version": "3.4.1",
          "resolved": "https://registry.npmjs.org/jquery/-/jquery-3.4.1.tgz",
          "integrity": "sha512-36+AdBzCL+y6qjw5Tx7HgzeGCzC81MDDgaUP8ld2zhx58HdqXGoBd+tHdrBMiyjGQs0Hxs/MLZTu/eHNJJuWPw=="
        }
      }
    },
    "drmonty-datatables-responsive": {
      "version": "1.0.6",
      "resolved": "https://registry.npmjs.org/drmonty-datatables-responsive/-/drmonty-datatables-responsive-1.0.6.tgz",
      "integrity": "sha1-HFwd5ezlTu+s85+V2vdcQ7f//v0=",
      "requires": {
        "jquery": ">=1.7.0"
      },
      "dependencies": {
        "jquery": {
          "version": "3.4.1",
          "resolved": "https://registry.npmjs.org/jquery/-/jquery-3.4.1.tgz",
          "integrity": "sha512-36+AdBzCL+y6qjw5Tx7HgzeGCzC81MDDgaUP8ld2zhx58HdqXGoBd+tHdrBMiyjGQs0Hxs/MLZTu/eHNJJuWPw=="
        }
      }
    },
    "font-awesome": {
      "version": "4.3.0",
      "resolved": "https://registry.npmjs.org/font-awesome/-/font-awesome-4.3.0.tgz",
      "integrity": "sha1-RO63kM35hmQnhvM/znhHZPGEHEA="
    },
    "fullcalendar": {
      "version": "3.9.0",
      "resolved": "https://registry.npmjs.org/fullcalendar/-/fullcalendar-3.9.0.tgz",
      "integrity": "sha512-bbALDK8+SBqluv8SKPDeVNtaSr87NYblte/pRgV5NnDJWCEARpRlQ1qQ/XEakcAXbMZov6rWYIvLOrtKwQo2Bg==",
      "requires": {
        "jquery": "2 - 3",
        "moment": "^2.20.1"
      },
      "dependencies": {
        "jquery": {
          "version": "3.4.1",
          "resolved": "https://registry.npmjs.org/jquery/-/jquery-3.4.1.tgz",
          "integrity": "sha512-36+AdBzCL+y6qjw5Tx7HgzeGCzC81MDDgaUP8ld2zhx58HdqXGoBd+tHdrBMiyjGQs0Hxs/MLZTu/eHNJJuWPw=="
        }
      }
    },
    "holderjs": {
      "version": "2.4.0",
      "resolved": "https://registry.npmjs.org/holderjs/-/holderjs-2.4.0.tgz",
      "integrity": "sha1-N6yo9NzhQjAumGWzeHbi2VMm7rQ="
    },
    "moment": {
      "version": "2.24.0",
      "resolved": "https://registry.npmjs.org/moment/-/moment-2.24.0.tgz",
      "integrity": "sha512-bV7f+6l2QigeBBZSM/6yTNq4P2fNpSWj/0e7jQcy87A8e7o2nAfP/34/2ky5Vw4B9S446EtIhodAzkFCcR4dQg=="
    }
  }
}
