# THIS IS AN AUTOGENERATED FILE. DO NOT EDIT THIS FILE DIRECTLY.
# yarn lockfile v1


"@swc/helpers@^0.5.12":
  version "0.5.18"
  resolved "https://registry.yarnpkg.com/@swc/helpers/-/helpers-0.5.18.tgz#feeeabea0d10106ee25aaf900165df911ab6d3b1"
  integrity sha512-TXTnIcNJQEKwThMMqBXsZ4VGAza6bvN4pa41Rkqoio6QBKMvo+5lexeTMScGCIxtzgQJzElcvIltani+adC5PQ==
  dependencies:
    tslib "^2.8.0"

"@types/codemirror@^5.60.10":
  version "5.60.16"
  resolved "https://registry.yarnpkg.com/@types/codemirror/-/codemirror-5.60.16.tgz#1f462f9771113bd8e1c6130c666b17db8e1087c2"
  integrity sha512-V/yHdamffSS075jit+fDxaOAmdP2liok8NSNJnAZfDJErzOheuygHZEhAJrfmk5TEyM32MhkZjwo/idX791yxw==
  dependencies:
    "@types/tern" "*"

"@types/estree@*":
  version "1.0.8"
  resolved "https://registry.yarnpkg.com/@types/estree/-/estree-1.0.8.tgz#958b91c991b1867ced318bedea0e215ee050726e"
  integrity sha512-dWHzHa2WqEXI/O1E9OjrocMTKJl2mSrEolh1Iomrv6U+JuNwaHXsXx9bLu5gG7BUWFIN0skIQJQ/L1rIex4X6w==

"@types/marked@^4.0.7":
  version "4.3.2"
  resolved "https://registry.yarnpkg.com/@types/marked/-/marked-4.3.2.tgz#e2e0ad02ebf5626bd215c5bae2aff6aff0ce9eac"
  integrity sha512-a79Yc3TOk6dGdituy8hmTTJXjOkZ7zsFYV10L337ttq/rec8lRMDBpV7fL3uLx6TgbFCa5DU/h8FmIBQPSbU0w==

"@types/tern@*":
  version "0.23.9"
  resolved "https://registry.yarnpkg.com/@types/tern/-/tern-0.23.9.tgz#6f6093a4a9af3e6bb8dde528e024924d196b367c"
  integrity sha512-ypzHFE/wBzh+BlH6rrBgS5I/Z7RD21pGhZ2rltb/+ZrVM1awdZwjx7hE5XfuYgHWk9uvV5HLZN3SloevCAp3Bw==
  dependencies:
    "@types/estree" "*"

JUMFlot@jumjum123/JUMFlot#*:
  version "0.0.0"
  resolved "https://codeload.github.com/jumjum123/JUMFlot/tar.gz/203147fa2ace27db89e2defcde0800654015ae23"

base64-js@0.0.8:
  version "0.0.8"
  resolved "https://registry.yarnpkg.com/base64-js/-/base64-js-0.0.8.tgz#1101e9544f4a76b1bc3b26d452ca96d7a35e7978"
  integrity sha512-3XSA2cR/h/73EzlXXdU6YNycmYI7+kicTxks4eJg2g39biHR84slg2+des+p7iHYhbRg/udIS4TD53WabcOUkw==

base64-js@^1.1.2, base64-js@^1.3.0:
  version "1.5.1"
  resolved "https://registry.yarnpkg.com/base64-js/-/base64-js-1.5.1.tgz#1b1b440160a5bf7ad40b650f095963481903930a"
  integrity sha512-AKpaYlHn8t4SVbOHCy+b5+KKgvR4vrsD8vbvrbiQJps7fKDTkjkDry6ji0rUJjC0kzbNePLwzxq8iypo41qeWA==

bootstrap-select@^1.13.18:
  version "1.13.18"
  resolved "https://registry.yarnpkg.com/bootstrap-select/-/bootstrap-select-1.13.18.tgz#4557119d58dc1159189977161c803962220e4dda"
  integrity sha512-V1IzK4rxBq5FrJtkzSH6RmFLFBsjx50byFbfAf8jYyXROWs7ZpprGjdHeoyq2HSsHyjJhMMwjsQhRoYAfxCGow==

bootstrap-social@^4.0.0:
  version "4.11.0"
  resolved "https://registry.yarnpkg.com/bootstrap-social/-/bootstrap-social-4.11.0.tgz#7896d176fe366b06992196945a13fc9bfa6061b2"
  integrity sha512-HRw6gtrMNjhe/PDNNuDdnvI9RFxOiCIlCcmRUF/qgM95G8nIXV2EYDtCgDJU/xGZIxMEUmoFc3tZKAsoPgH92w==
  dependencies:
    bootstrap "~3"
    font-awesome "~4.4"

bootstrap-wysiwyg@^2.0.0:
  version "2.0.1"
  resolved "https://registry.yarnpkg.com/bootstrap-wysiwyg/-/bootstrap-wysiwyg-2.0.1.tgz#ed9c7a7e2e33c5931b0f8d974c11268baf39a8ba"
  integrity sha512-lZsz2sU0NoOJmUaVg86ZJHmNXSfAb13EThfzMhY1K/nUAXPHcBPAxvG3sIfaonKkchEDDAI1jAWxQUsmvsOR4A==

bootstrap@^3.4.1, bootstrap@~3:
  version "3.4.1"
  resolved "https://registry.yarnpkg.com/bootstrap/-/bootstrap-3.4.1.tgz#c3a347d419e289ad11f4033e3c4132b87c081d72"
  integrity sha512-yN5oZVmRCwe5aKwzRj6736nSmKDX7pLYwsXiCj/EYmo16hODaBiT4En5btW/jhBF/seV+XMx3aYwukYC3A49DA==

brotli@^1.3.2:
  version "1.3.3"
  resolved "https://registry.yarnpkg.com/brotli/-/brotli-1.3.3.tgz#7365d8cc00f12cf765d2b2c898716bcf4b604d48"
  integrity sha512-oTKjJdShmDuGW94SyyaoQvAjf30dZaHnjJ8uAF+u2/vGJkJbJPJAT1gDiOJP5v1Zb6f9KEyW/1HpuaWIXtGHPg==
  dependencies:
    base64-js "^1.1.2"

"chosen-bootstrap@https://github.com/dbtek/chosen-bootstrap":
  version "0.0.0"
  resolved "https://github.com/dbtek/chosen-bootstrap#12dcd363d1482c54c740ed9fe0e92549d81e9176"

chosen-js@^1.8.7:
  version "1.8.7"
  resolved "https://registry.yarnpkg.com/chosen-js/-/chosen-js-1.8.7.tgz#9bfa5597f5081d602ff4ae904af9aef33265bb1d"
  integrity sha512-eVdrZJ2U5ISdObkgsi0od5vIJdLwq1P1Xa/Vj/mgxkMZf14DlgobfB6nrlFi3kW4kkvKLsKk4NDqZj1MU1DCpw==

clipboard@^2.0.11:
  version "2.0.11"
  resolved "https://registry.yarnpkg.com/clipboard/-/clipboard-2.0.11.tgz#62180360b97dd668b6b3a84ec226975762a70be5"
  integrity sha512-C+0bbOqkezLIsmWSvlsXS0Q0bmkugu7jcfMIACB+RDEntIzQIkdr148we28AfSloQLRdZlYL/QYyrq05j/3Faw==
  dependencies:
    good-listener "^1.2.2"
    select "^1.1.2"
    tiny-emitter "^2.0.0"

clone@^2.1.2:
  version "2.1.2"
  resolved "https://registry.yarnpkg.com/clone/-/clone-2.1.2.tgz#1b7f4b9f591f1e8f83670401600345a02887435f"
  integrity sha512-3Pe/CF1Nn94hyhIYpjtiLhdCoEoz0DqQ+988E9gmeEdQZlojxnOb74wctFyuwWQHzqyf9X7C7MG8juUpqBJT8w==

codemirror-spell-checker@1.1.2:
  version "1.1.2"
  resolved "https://registry.yarnpkg.com/codemirror-spell-checker/-/codemirror-spell-checker-1.1.2.tgz#1c660f9089483ccb5113b9ba9ca19c3f4993371e"
  integrity sha512-2Tl6n0v+GJRsC9K3MLCdLaMOmvWL0uukajNJseorZJsslaxZyZMgENocPU8R0DyoTAiKsyqiemSOZo7kjGV0LQ==
  dependencies:
    typo-js "*"

codemirror@^5.65.15:
  version "5.65.19"
  resolved "https://registry.yarnpkg.com/codemirror/-/codemirror-5.65.19.tgz#71016c701d6a4b6e1982b0f6e7186be65e49653d"
  integrity sha512-+aFkvqhaAVr1gferNMuN8vkTSrWIFvzlMV9I2KBLCWS2WpZ2+UAkZjlMZmEuT+gcXTi6RrGQCkWq1/bDtGqhIA==

core-util-is@~1.0.0:
  version "1.0.3"
  resolved "https://registry.yarnpkg.com/core-util-is/-/core-util-is-1.0.3.tgz#a6042d3634c2b27e9328f837b965fac83808db85"
  integrity sha512-ZQBvi1DcpJ4GDqanjucZ2Hj3wEO5pZDS89BWbkcrvdxksJorwUDDZamX9ldFkp9aw2lmBDLgkObEA4DWNJ9FYQ==

crypto-js@^4.2.0:
  version "4.2.0"
  resolved "https://registry.yarnpkg.com/crypto-js/-/crypto-js-4.2.0.tgz#4d931639ecdfd12ff80e8186dba6af2c2e856631"
  integrity sha512-KALDyEYgpY+Rlob/iriUtjV6d5Eq+Y191A5g4UqLAi8CyGP9N1+FdVbkc1SxKc2r4YAYqG8JzO2KGL+AizD70Q==

datatables.net-bs@^2:
  version "2.3.2"
  resolved "https://registry.yarnpkg.com/datatables.net-bs/-/datatables.net-bs-2.3.2.tgz#51899f06d1c5f652be52b3daa4998604c967d544"
  integrity sha512-Idp0weFEVezSZXJHXbmIIlS84PWuh9UkCvXnCS4l6SR2spVDMKqg1pBQBQkjjxYBnNK/fJzxdNNBdpjsvXOu8w==
  dependencies:
    datatables.net "2.3.2"
    jquery ">=1.7"

datatables.net-buttons-bs@^3.2.6:
  version "3.2.6"
  resolved "https://registry.yarnpkg.com/datatables.net-buttons-bs/-/datatables.net-buttons-bs-3.2.6.tgz#8bc20d4df5a539d87add4702fdda134d001b1e77"
  integrity sha512-DofCIF9VHbEejmooaVCNxiR7ecrYaWhQN8Tm0sKeofGwYu8h533adUG/SlYy20OSSeF2zRYmY/TsWOJBh5TuAA==
  dependencies:
    datatables.net-bs "^2"
    datatables.net-buttons "3.2.6"
    jquery ">=1.7"

datatables.net-buttons@3.2.6:
  version "3.2.6"
  resolved "https://registry.yarnpkg.com/datatables.net-buttons/-/datatables.net-buttons-3.2.6.tgz#dad80c8f28eb18741cec49fb33397073217ca63e"
  integrity sha512-rLqkB3xLIAYwVLt+lUSxybo/1WqveTAxhQm6wj6yvXlJiWq+oJ8MKW6H1q90QrXbNp0fGngnfD0cmpMZnNnnNw==
  dependencies:
    datatables.net "^2"
    jquery ">=1.7"

datatables.net-colreorder@^2.1.2:
  version "2.1.2"
  resolved "https://registry.yarnpkg.com/datatables.net-colreorder/-/datatables.net-colreorder-2.1.2.tgz#cf45eae93f4afd0bbe2f34d47105b312defa8cc7"
  integrity sha512-lIsUyOt2nBm4sD2cSzDKZcIVrGgrZkh90Z2f03s8p7DYcZSfXMHAhFBrDYf9/eAK6wJnODN8EDMsrtPHfgoSXA==
  dependencies:
    datatables.net "^2"
    jquery ">=1.7"

datatables.net@2.3.2:
  version "2.3.2"
  resolved "https://registry.yarnpkg.com/datatables.net/-/datatables.net-2.3.2.tgz#6821f6288e6ad3cb6879c33e0e7e11d4091d330b"
  integrity sha512-31TzwIQM0+pr2ZOEOEH6dsHd/WSAl5GDDGPezOHPI3mM2NK4lcDyOoG8xXeWmSbVfbi852LNK5C84fpp4Q+qxg==
  dependencies:
    jquery ">=1.7"

datatables.net@^2, datatables.net@^2.3.6:
  version "2.3.6"
  resolved "https://registry.yarnpkg.com/datatables.net/-/datatables.net-2.3.6.tgz#a11be57a2b50d7231cae2980a8ff1df3c18b7b17"
  integrity sha512-xQ/dCxrjfxM0XY70wSIzakkTZ6ghERwlLmAPyCnu8Sk5cyt9YvOVyOsFNOa/BZ/lM63Q3i2YSSvp/o7GXZGsbg==
  dependencies:
    jquery ">=1.7"

delegate@^3.1.2:
  version "3.2.0"
  resolved "https://registry.yarnpkg.com/delegate/-/delegate-3.2.0.tgz#b66b71c3158522e8ab5744f720d8ca0c2af59166"
  integrity sha512-IofjkYBZaZivn0V8nnsMJGBr4jVLxHDheKSW88PyxS5QC4Vo9ZbZVvhzlSxY87fVq3STR6r+4cGepyHkcWOQSw==

dfa@^1.2.0:
  version "1.2.0"
  resolved "https://registry.yarnpkg.com/dfa/-/dfa-1.2.0.tgz#96ac3204e2d29c49ea5b57af8d92c2ae12790657"
  integrity sha512-ED3jP8saaweFTjeGX8HQPjeC1YYyZs98jGNZx6IiBvxW7JG5v492kamAQB3m2wop07CvU/RQmzcKr6bgcC5D/Q==

drmonty-datatables-plugins@^1.0.0:
  version "1.10.12"
  resolved "https://registry.yarnpkg.com/drmonty-datatables-plugins/-/drmonty-datatables-plugins-1.10.12.tgz#32fd57f562c938c2da4445cea9675330dd968eb1"
  integrity sha512-IhyTEXzyHlIFTT9SOOgLidebGuuikPtm3O7sX6D5CL2K6JAURnOp8ZKRuhZG7p3oTjYUnzr7i77l/YhQ9DnEjQ==
  dependencies:
    jquery ">=1.7"

drmonty-datatables-responsive@^1.0.0:
  version "1.0.6"
  resolved "https://registry.yarnpkg.com/drmonty-datatables-responsive/-/drmonty-datatables-responsive-1.0.6.tgz#1c5c1de5ece54eefacf39f95daf75c43b7fffefd"
  integrity sha512-2boqoLJ6FxXgtZ6KVtguX5wN5YTTi72TgLekjvziNXmy8a6LZ+5XhwtgcZxHcFeOU0gWIPqFCHi2Pvp+OKidiA==
  dependencies:
    jquery ">=1.7.0"

easymde@^2.20.0:
  version "2.20.0"
  resolved "https://registry.yarnpkg.com/easymde/-/easymde-2.20.0.tgz#88b3161feab6e1900afa9c4dab3f1da352b0a26e"
  integrity sha512-V1Z5f92TfR42Na852OWnIZMbM7zotWQYTddNaLYZFVKj7APBbyZ3FYJ27gBw2grMW3R6Qdv9J8n5Ij7XRSIgXQ==
  dependencies:
    "@types/codemirror" "^5.60.10"
    "@types/marked" "^4.0.7"
    codemirror "^5.65.15"
    codemirror-spell-checker "1.1.2"
    marked "^4.1.0"

eve-raphael@0.5.0:
  version "0.5.0"
  resolved "https://registry.yarnpkg.com/eve-raphael/-/eve-raphael-0.5.0.tgz#17c754b792beef3fa6684d79cf5a47c63c4cda30"
  integrity sha512-jrxnPsCGqng1UZuEp9DecX/AuSyAszATSjf4oEcRxvfxa1Oux4KkIPKBAAWWnpdwfARtr+Q0o9aPYWjsROD7ug==

fast-deep-equal@^3.1.3:
  version "3.1.3"
  resolved "https://registry.yarnpkg.com/fast-deep-equal/-/fast-deep-equal-3.1.3.tgz#3a7d56b559d6cbc3eb512325244e619a65c6c525"
  integrity sha512-f3qQ9oQy9j2AhBe/H9VC91wLmKBCCU/gDOnKNAYG5hswO7BLKj09Hc5HYNz9cGI++xlpDCIgDaitVs03ATR84Q==

flot@flot/flot#~0.8.3:
  version "0.8.3"
  resolved "https://codeload.github.com/flot/flot/tar.gz/453b017cc5acfd75e252b93e8635f57f4196d45d"

font-awesome@^4.0.0:
  version "4.7.0"
  resolved "https://registry.yarnpkg.com/font-awesome/-/font-awesome-4.7.0.tgz#8fa8cf0411a1a31afd07b06d2902bb9fc815a133"
  integrity sha512-U6kGnykA/6bFmg1M/oT9EkFeIYv7JlX3bozwQJWiiLz6L0w3F5vBVPxHlwyX/vtNq1ckcpRKOB9f2Qal/VtFpg==

font-awesome@~4.4:
  version "4.4.0"
  resolved "https://registry.yarnpkg.com/font-awesome/-/font-awesome-4.4.0.tgz#9fe43f82cf72726badcbdb2704407aadaca17da9"
  integrity sha512-h45v/TF2b9d6JiBnyluFrjZRyJXXkRjWbTKxb0ygTScxdP8gWdgMBaghbDuSLQFHNkj3M0eNrLxfTEiQo93ARQ==

fontkit@^2.0.4:
  version "2.0.4"
  resolved "https://registry.yarnpkg.com/fontkit/-/fontkit-2.0.4.tgz#4765d664c68b49b5d6feb6bd1051ee49d8ec5ab0"
  integrity sha512-syetQadaUEDNdxdugga9CpEYVaQIxOwk7GlwZWWZ19//qW4zE5bknOKeMBDYAASwnpaSHKJITRLMF9m1fp3s6g==
  dependencies:
    "@swc/helpers" "^0.5.12"
    brotli "^1.3.2"
    clone "^2.1.2"
    dfa "^1.2.0"
    fast-deep-equal "^3.1.3"
    restructure "^3.0.0"
    tiny-inflate "^1.0.3"
    unicode-properties "^1.4.0"
    unicode-trie "^2.0.0"

fullcalendar@^3.10.2:
  version "3.10.5"
  resolved "https://registry.yarnpkg.com/fullcalendar/-/fullcalendar-3.10.5.tgz#57a3a64d7d744181582bb9e1be32d1846e1db53a"
  integrity sha512-JGWpECKgza/344bbF5QT0hBJpx04DZ/7QGPlR1ZbAwrG6Yz6mWEkQd+NnZUh1sK6HCBIPnPRW2x53aJxeLGvvQ==

good-listener@^1.2.2:
  version "1.2.2"
  resolved "https://registry.yarnpkg.com/good-listener/-/good-listener-1.2.2.tgz#d53b30cdf9313dffb7dc9a0d477096aa6d145c50"
  integrity sha512-goW1b+d9q/HIwbVYZzZ6SsTr4IgE+WA44A0GmPIQstuOrgsFcT7VEJ48nmr9GaRtNu0XTKacFLGnBPAM6Afouw==
  dependencies:
    delegate "^3.1.2"

google-code-prettify@^1.0.0:
  version "1.0.5"
  resolved "https://registry.yarnpkg.com/google-code-prettify/-/google-code-prettify-1.0.5.tgz#9f477f224dbfa62372e5ef803a7e157410400084"
  integrity sha512-Y47Bw63zJKCuqTuhTZC1ct4e/0ADuMssxXhnrP8QHq71tE2aYBKG6wQwXr8zya0zIUd0mKN3XTlI5AME4qm6NQ==

immediate@~3.0.5:
  version "3.0.6"
  resolved "https://registry.yarnpkg.com/immediate/-/immediate-3.0.6.tgz#9db1dbd0faf8de6fbe0f5dd5e56bb606280de69b"
  integrity sha512-XXOFtyqDjNDAQxVfYxuF7g9Il/IbWmmlQg2MYKOH8ExIT1qg6xc4zyS3HaEEATgs1btfzxq15ciUiY7gjSXRGQ==

inherits@~2.0.3:
  version "2.0.4"
  resolved "https://registry.yarnpkg.com/inherits/-/inherits-2.0.4.tgz#0fa2c64f932917c3433a0ded55363aae37416b7c"
  integrity sha512-k/vGaX4/Yla3WzyMCvTQOXYeIHvqOKtnqBduzTHpzpQZzAskKMhZ2K+EnBiSM9zGSoIFeMpXKxa4dYeZIQqewQ==

isarray@~1.0.0:
  version "1.0.0"
  resolved "https://registry.yarnpkg.com/isarray/-/isarray-1.0.0.tgz#bb935d48582cba168c06834957a54a3e07124f11"
  integrity sha512-VLghIWNM6ELQzo7zwmcg0NmTVyWKYjvIeM83yjp0wRDTmUnrM678fQbcKBo6n2CJEF0szoG//ytg+TKla89ALQ==

jpeg-exif@^1.1.4:
  version "1.1.4"
  resolved "https://registry.yarnpkg.com/jpeg-exif/-/jpeg-exif-1.1.4.tgz#781a65b6cd74f62cb1c493511020f8d3577a1c2b"
  integrity sha512-a+bKEcCjtuW5WTdgeXFzswSrdqi0jk4XlEtZlx5A94wCoBpFjfFTbo/Tra5SpNCl/YFZPvcV1dJc+TAYeg6ROQ==

jquery-highlight@3.5.0:
  version "3.5.0"
  resolved "https://registry.yarnpkg.com/jquery-highlight/-/jquery-highlight-3.5.0.tgz#354fb3a8b98c594525ec1ccc003fd3d1dc305815"
  integrity sha512-5gzRomQyy3n/byb2G5zhbavdiXcPZ6rAWXtU5FgdEvguDEn90kMm9/QARY3zdKhH/+tfqqu9GNKocbMGf7ThNg==
  dependencies:
    jquery ">= 1.0.0"

jquery-ui@1.14.2:
  version "1.14.2"
  resolved "https://registry.yarnpkg.com/jquery-ui/-/jquery-ui-1.14.2.tgz#515288b5c730b720acca6e53a0366827ad834053"
  integrity sha512-1gSl7PUjyipa2adSr780Ujk16faicrV7PjPPzPtvWk7tTqBnsqp67NNV9jZK2+BIxUPXWSnIUU/LBCgwgGZE+Q==
  dependencies:
    jquery ">=1.12.0 <5.0.0"

jquery.cookie@1.4.1:
  version "1.4.1"
  resolved "https://registry.yarnpkg.com/jquery.cookie/-/jquery.cookie-1.4.1.tgz#d63dce209eab691fe63316db08ca9e47e0f9385b"
  integrity sha512-c/hZOOL+8VSw/FkTVH637gS1/6YzMSCROpTZ2qBYwJ7s7sHajU7uBkSSiE5+GXWwrfCCyO+jsYjUQ7Hs2rIxAA==

jquery.flot.tooltip@^0.9.0:
  version "0.9.0"
  resolved "https://registry.yarnpkg.com/jquery.flot.tooltip/-/jquery.flot.tooltip-0.9.0.tgz#ae16bf94b26c2ed9ab4db167bba52dfdb615c1df"
  integrity sha512-TV3umIfIPRq1UM0EUY4E/jimrh2j057J6SJB1HQnEeS64r8liec++F0WCNYsmcWDxz6Lo4E2lCA+SeOQS2W3bA==

jquery.hotkeys@jeresig/jquery.hotkeys#master:
  version "0.2.0"
  resolved "https://codeload.github.com/jeresig/jquery.hotkeys/tar.gz/f24f1da275aab7881ab501055c256add6f690de4"

"jquery@>= 1.0.0", "jquery@>=1.12.0 <5.0.0", jquery@>=1.7, jquery@>=1.7.0, jquery@^3.7.1:
  version "3.7.1"
  resolved "https://registry.yarnpkg.com/jquery/-/jquery-3.7.1.tgz#083ef98927c9a6a74d05a6af02806566d16274de"
  integrity sha512-m4avr8yL8kmFN8psrbFFFmB/If14iN5o9nw/NgnnM+kybDJpRsAynV2BsfpTYrTRysYUdADVD7CkUUizgkpLfg==

jszip@^3.10.1:
  version "3.10.1"
  resolved "https://registry.yarnpkg.com/jszip/-/jszip-3.10.1.tgz#34aee70eb18ea1faec2f589208a157d1feb091c2"
  integrity sha512-xXDvecyTpGLrqFrvkrUSoxxfJI5AH7U8zxxtVclpsUtMCq4JQ290LY8AW5c7Ggnr/Y/oK+bQMbqK2qmtk3pN4g==
  dependencies:
    lie "~3.3.0"
    pako "~1.0.2"
    readable-stream "~2.3.6"
    setimmediate "^1.0.5"

justgage@^1.7.0:
  version "1.7.0"
  resolved "https://registry.yarnpkg.com/justgage/-/justgage-1.7.0.tgz#4b615c6a88c75d4f7fab20dd32b2710e9eb36411"
  integrity sha512-yJ9O8HU9cxo2UMFyouOJ+cnEsKVyX44Ghu3iLFaKlzahrGUAB0UcEzWDcu7JqEwC7bU/hunoAZLKF/sIcVbYQQ==
  dependencies:
    raphael "^2.3.0"

lie@~3.3.0:
  version "3.3.0"
  resolved "https://registry.yarnpkg.com/lie/-/lie-3.3.0.tgz#dcf82dee545f46074daf200c7c1c5a08e0f40f6a"
  integrity sha512-UaiMJzeWRlEujzAuw5LokY1L5ecNQYZKfmyZ9L7wDHb/p5etKaxXhohBcrw0EYby+G/NA52vRSN4N39dxHAIwQ==
  dependencies:
    immediate "~3.0.5"

linebreak@^1.1.0:
  version "1.1.0"
  resolved "https://registry.yarnpkg.com/linebreak/-/linebreak-1.1.0.tgz#831cf378d98bced381d8ab118f852bd50d81e46b"
  integrity sha512-MHp03UImeVhB7XZtjd0E4n6+3xr5Dq/9xI/5FptGk5FrbDR3zagPa2DS6U8ks/3HjbKWG9Q1M2ufOzxV2qLYSQ==
  dependencies:
    base64-js "0.0.8"
    unicode-trie "^2.0.0"

marked@^4.1.0:
  version "4.3.0"
  resolved "https://registry.yarnpkg.com/marked/-/marked-4.3.0.tgz#796362821b019f734054582038b116481b456cf3"
  integrity sha512-PRsaiG84bK+AMvxziE/lCFss8juXjNaWzVbN5tXAm4XjeaS9NAHhop+PjQxz2A9h8Q4M/xGmzP8vqNwy6JeK0A==

metismenu@~3.0.7:
  version "3.0.7"
  resolved "https://registry.yarnpkg.com/metismenu/-/metismenu-3.0.7.tgz#613dd01d14d053474b926a1ecac24d137c934aaa"
  integrity sha512-omMwIAahlzssjSi3xY9ijkhXI8qEaQTqBdJ9lHmfV5Bld2UkxO2h2M3yWsteAlGJ/nSHi4e69WHDE2r18Ickyw==

moment@^2.30.1:
  version "2.30.1"
  resolved "https://registry.yarnpkg.com/moment/-/moment-2.30.1.tgz#f8c91c07b7a786e30c59926df530b4eac96974ae"
  integrity sha512-uEmtNhbDOrWPFS+hdjFCBfy9f2YoyzRpwcl+DqpC6taX21FzsTLQVbMV/W7PzNSX6x/bhC1zA3c2UQ5NzH6how==

morris.js@morrisjs/morris.js:
  version "0.5.1"
  resolved "https://codeload.github.com/morrisjs/morris.js/tar.gz/14530d0733801d5bef1264cf3d062ecace7e326b"

pako@^0.2.5:
  version "0.2.9"
  resolved "https://registry.yarnpkg.com/pako/-/pako-0.2.9.tgz#f3f7522f4ef782348da8161bad9ecfd51bf83a75"
  integrity sha512-NUcwaKxUxWrZLpDG+z/xZaCgQITkA/Dv4V/T6bw7VON6l1Xz/VnrBqrYjZQ12TamKHzITTfOEIYUj48y2KXImA==

pako@~1.0.2:
  version "1.0.11"
  resolved "https://registry.yarnpkg.com/pako/-/pako-1.0.11.tgz#6c9599d340d54dfd3946380252a35705a6b992bf"
  integrity sha512-4hLB8Py4zZce5s4yd9XzopqwVv/yGNhV1Bl8NTmCq1763HeK2+EwVTv+leGeL13Dnh2wfbqowVPXCIO0z4taYw==

pdfkit@^0.17.2:
  version "0.17.2"
  resolved "https://registry.yarnpkg.com/pdfkit/-/pdfkit-0.17.2.tgz#f77d7129ca49bc5015246b890d1aca6cb6b71f00"
  integrity sha512-UnwF5fXy08f0dnp4jchFYAROKMNTaPqb/xgR8GtCzIcqoTnbOqtp3bwKvO4688oHI6vzEEs8Q6vqqEnC5IUELw==
  dependencies:
    crypto-js "^4.2.0"
    fontkit "^2.0.4"
    jpeg-exif "^1.1.4"
    linebreak "^1.1.0"
    png-js "^1.0.0"

pdfmake@^0.3.3:
  version "0.3.3"
  resolved "https://registry.yarnpkg.com/pdfmake/-/pdfmake-0.3.3.tgz#2705e8fabff4bf52a4a7b7ae9d93caee1b200cb7"
  integrity sha512-jSnF8rVLkbLLX37bnXWRFhEDO48quE7OIg7lgWBa6ihAbpCxASaBLWFOXNxSDeLBNt92304SBwpYcPkJnIArlA==
  dependencies:
    linebreak "^1.1.0"
    pdfkit "^0.17.2"
    xmldoc "^2.0.3"

png-js@^1.0.0:
  version "1.0.0"
  resolved "https://registry.yarnpkg.com/png-js/-/png-js-1.0.0.tgz#e5484f1e8156996e383aceebb3789fd75df1874d"
  integrity sha512-k+YsbhpA9e+EFfKjTCH3VW6aoKlyNYI6NYdTfDL4CIvFnvsuO84ttonmZE7rc+v23SLTH8XX+5w/Ak9v0xGY4g==

process-nextick-args@~2.0.0:
  version "2.0.1"
  resolved "https://registry.yarnpkg.com/process-nextick-args/-/process-nextick-args-2.0.1.tgz#7820d9b16120cc55ca9ae7792680ae7dba6d7fe2"
  integrity sha512-3ouUOpQhtgrbOa17J7+uxOTpITYWaGP7/AhoR3+A+/1e9skrzelGi/dXzEYyvbxubEF6Wn2ypscTKiKJFFn1ag==

raphael@^2.3.0:
  version "2.3.0"
  resolved "https://registry.yarnpkg.com/raphael/-/raphael-2.3.0.tgz#eabeb09dba861a1d4cee077eaafb8c53f3131f89"
  integrity sha512-w2yIenZAQnp257XUWGni4bLMVxpUpcIl7qgxEgDIXtmSypYtlNxfXWpOBxs7LBTps5sDwhRnrToJrMUrivqNTQ==
  dependencies:
    eve-raphael "0.5.0"

readable-stream@~2.3.6:
  version "2.3.8"
  resolved "https://registry.yarnpkg.com/readable-stream/-/readable-stream-2.3.8.tgz#91125e8042bba1b9887f49345f6277027ce8be9b"
  integrity sha512-8p0AUk4XODgIewSi0l8Epjs+EVnWiK7NoDIEGU0HhE7+ZyY8D1IMY7odu5lRrFXGg71L15KG8QrPmum45RTtdA==
  dependencies:
    core-util-is "~1.0.0"
    inherits "~2.0.3"
    isarray "~1.0.0"
    process-nextick-args "~2.0.0"
    safe-buffer "~5.1.1"
    string_decoder "~1.1.1"
    util-deprecate "~1.0.1"

restructure@^3.0.0:
  version "3.0.2"
  resolved "https://registry.yarnpkg.com/restructure/-/restructure-3.0.2.tgz#e6b2fad214f78edee21797fa8160fef50eb9b49a"
  integrity sha512-gSfoiOEA0VPE6Tukkrr7I0RBdE0s7H1eFCDBk05l1KIQT1UIKNc5JZy6jdyW6eYH3aR3g5b3PuL77rq0hvwtAw==

safe-buffer@~5.1.0, safe-buffer@~5.1.1:
  version "5.1.2"
  resolved "https://registry.yarnpkg.com/safe-buffer/-/safe-buffer-5.1.2.tgz#991ec69d296e0313747d59bdfd2b745c35f8828d"
  integrity sha512-Gd2UZBJDkXlY7GbJxfsE8/nvKkUEU1G38c1siN6QP6a9PT9MmHB8GnpscSmMJSoF8LOIrt8ud/wPtojys4G6+g==

sax@^1.4.3:
  version "1.4.3"
  resolved "https://registry.yarnpkg.com/sax/-/sax-1.4.3.tgz#fcebae3b756cdc8428321805f4b70f16ec0ab5db"
  integrity sha512-yqYn1JhPczigF94DMS+shiDMjDowYO6y9+wB/4WgO0Y19jWYk0lQ4tuG5KI7kj4FTp1wxPj5IFfcrz/s1c3jjQ==

select@^1.1.2:
  version "1.1.2"
  resolved "https://registry.yarnpkg.com/select/-/select-1.1.2.tgz#0e7350acdec80b1108528786ec1d4418d11b396d"
  integrity sha512-OwpTSOfy6xSs1+pwcNrv0RBMOzI39Lp3qQKUTPVVPRjCdNa5JH/oPRiqsesIskK8TVgmRiHwO4KXlV2Li9dANA==

setimmediate@^1.0.5:
  version "1.0.5"
  resolved "https://registry.yarnpkg.com/setimmediate/-/setimmediate-1.0.5.tgz#290cbb232e306942d7d7ea9b83732ab7856f8285"
  integrity sha512-MATJdZp8sLqDl/68LfQmbP8zKPLQNV6BIZoIgrscFDQ+RsvK/BxeDQOgyxKKoh0y/8h3BqVFnCqQ/gd+reiIXA==

startbootstrap-sb-admin-2@1.0.7:
  version "1.0.7"
  resolved "https://registry.yarnpkg.com/startbootstrap-sb-admin-2/-/startbootstrap-sb-admin-2-1.0.7.tgz#ef36a90903afb4a84a25c329b0292d06bf05b130"
  integrity sha512-+CAll0cvvIZu/KBX3epjZrRRaGu7p95y2InZvhxgnKLH3p6JxT6lxJuwbQw9EVZfNckCZEhpJ0Voux9C47mTrg==

string_decoder@~1.1.1:
  version "1.1.1"
  resolved "https://registry.yarnpkg.com/string_decoder/-/string_decoder-1.1.1.tgz#9cf1611ba62685d7030ae9e4ba34149c3af03fc8"
  integrity sha512-n/ShnvDi6FHbbVfviro+WojiFzv+s8MPMHBczVePfUpDJLwoLT0ht1l4YwBCbi8pJAveEEdnkHyPyTP/mzRfwg==
  dependencies:
    safe-buffer "~5.1.0"

tiny-emitter@^2.0.0:
  version "2.1.0"
  resolved "https://registry.yarnpkg.com/tiny-emitter/-/tiny-emitter-2.1.0.tgz#1d1a56edfc51c43e863cbb5382a72330e3555423"
  integrity sha512-NB6Dk1A9xgQPMoGqC5CVXn123gWyte215ONT5Pp5a0yt4nlEoO1ZWeCwpncaekPHXO60i47ihFnZPiRPjRMq4Q==

tiny-inflate@^1.0.0, tiny-inflate@^1.0.3:
  version "1.0.3"
  resolved "https://registry.yarnpkg.com/tiny-inflate/-/tiny-inflate-1.0.3.tgz#122715494913a1805166aaf7c93467933eea26c4"
  integrity sha512-pkY1fj1cKHb2seWDy0B16HeWyczlJA9/WW3u3c4z/NiWDsO3DOU5D7nhTLE9CF0yXv/QZFY7sEJmj24dK+Rrqw==

tslib@^2.8.0:
  version "2.8.1"
  resolved "https://registry.yarnpkg.com/tslib/-/tslib-2.8.1.tgz#612efe4ed235d567e8aba5f2a5fab70280ade83f"
  integrity sha512-oJFu94HQb+KVduSUQL7wnpmqnfmLsOA/nAh6b6EH0wCEoK0/mPeXU6c3wKDV83MkOuHPRHtSXKKU99IBazS/2w==

typo-js@*:
  version "1.2.5"
  resolved "https://registry.yarnpkg.com/typo-js/-/typo-js-1.2.5.tgz#0aa65e0be9b69036463a3827de8185b4144e3086"
  integrity sha512-F45vFWdGX8xahIk/sOp79z2NJs8ETMYsmMChm9D5Hlx3+9j7VnCyQyvij5MOCrNY3NNe8noSyokRjQRfq+Bc7A==

unicode-properties@^1.4.0:
  version "1.4.1"
  resolved "https://registry.yarnpkg.com/unicode-properties/-/unicode-properties-1.4.1.tgz#96a9cffb7e619a0dc7368c28da27e05fc8f9be5f"
  integrity sha512-CLjCCLQ6UuMxWnbIylkisbRj31qxHPAurvena/0iwSVbQ2G1VY5/HjV0IRabOEbDHlzZlRdCrD4NhB0JtU40Pg==
  dependencies:
    base64-js "^1.3.0"
    unicode-trie "^2.0.0"

unicode-trie@^2.0.0:
  version "2.0.0"
  resolved "https://registry.yarnpkg.com/unicode-trie/-/unicode-trie-2.0.0.tgz#8fd8845696e2e14a8b67d78fa9e0dd2cad62fec8"
  integrity sha512-x7bc76x0bm4prf1VLg79uhAzKw8DVboClSN5VxJuQ+LKDOVEW9CdH+VY7SP+vX7xCYQqzzgQpFqz15zeLvAtZQ==
  dependencies:
    pako "^0.2.5"
    tiny-inflate "^1.0.0"

util-deprecate@~1.0.1:
  version "1.0.2"
  resolved "https://registry.yarnpkg.com/util-deprecate/-/util-deprecate-1.0.2.tgz#450d4dc9fa70de732762fbd2d4a28981419a0ccf"
  integrity sha512-EPD5q1uXyFxJpCrLnCc1nHnq3gOa6DZBocAIiI2TaSCA7VCJ1UJDMagCzIkXNsUYfD1daK//LTEQ8xiIbrHtcw==

xmldoc@^2.0.3:
  version "2.0.3"
  resolved "https://registry.yarnpkg.com/xmldoc/-/xmldoc-2.0.3.tgz#65b4226b753ea6cd4601f3f56d52338941d38380"
  integrity sha512-6gRk4NY/Jvg67xn7OzJuxLRsGgiXBaPUQplVJ/9l99uIugxh4FTOewYz5ic8WScj7Xx/2WvhENiQKwkK9RpE4w==
  dependencies:
    sax "^1.4.3"
