# THIS IS AN AUTOGENERATED FILE. DO NOT EDIT THIS FILE DIRECTLY.
# yarn lockfile v1


JUMFlot@jumjum123/JUMFlot#*:
  version "0.0.0"
  resolved "https://codeload.github.com/jumjum123/JUMFlot/tar.gz/203147fa2ace27db89e2defcde0800654015ae23"

bootstrap-social@^4.0.0:
  version "4.11.0"
  resolved "https://registry.yarnpkg.com/bootstrap-social/-/bootstrap-social-4.11.0.tgz#7896d176fe366b06992196945a13fc9bfa6061b2"
  integrity sha1-eJbRdv42awaZIZaUWhP8m/pgYbI=
  dependencies:
    bootstrap "~3"
    font-awesome "~4.4"

bootstrap-wysiwyg@^2.0.0:
  version "2.0.1"
  resolved "https://registry.yarnpkg.com/bootstrap-wysiwyg/-/bootstrap-wysiwyg-2.0.1.tgz#ed9c7a7e2e33c5931b0f8d974c11268baf39a8ba"
  integrity sha1-7Zx6fi4zxZMbD42XTBEmi685qLo=

bootstrap@^3.4.0, bootstrap@~3:
  version "3.4.1"
  resolved "https://registry.yarnpkg.com/bootstrap/-/bootstrap-3.4.1.tgz#c3a347d419e289ad11f4033e3c4132b87c081d72"
  integrity sha512-yN5oZVmRCwe5aKwzRj6736nSmKDX7pLYwsXiCj/EYmo16hODaBiT4En5btW/jhBF/seV+XMx3aYwukYC3A49DA==

bootswatch@3.4.1:
  version "3.4.1"
  resolved "https://registry.yarnpkg.com/bootswatch/-/bootswatch-3.4.1.tgz#50aed16fb04ec791c3dd8831515c29d4a757fdb9"
  integrity sha512-0hL4A8OUiqABgPipGrojf/hyhr5RS257xCNARlbK34HaMfhV5fXvwEooN4/ri9+jgX47J4Wg24ZPmfZ2xD2cKw==

chosen-bootstrap@dbtek/chosen-bootstrap#~1.1.0:
  version "0.0.0"
  resolved "https://codeload.github.com/dbtek/chosen-bootstrap/tar.gz/12dcd363d1482c54c740ed9fe0e92549d81e9176"

chosen@harvesthq/bower-chosen#~1.4.0:
  version "0.0.0"
  resolved "https://codeload.github.com/harvesthq/bower-chosen/tar.gz/d7eba35cf214d2416fabee25c5d4619542a23d8d"

clipboard@^2.0.6:
  version "2.0.6"
  resolved "https://registry.yarnpkg.com/clipboard/-/clipboard-2.0.6.tgz#52921296eec0fdf77ead1749421b21c968647376"
  integrity sha512-g5zbiixBRk/wyKakSwCKd7vQXDjFnAMGHoEyBogG/bw9kTD9GvdAvaoRR1ALcEzt3pVKxZR0pViekPMIS0QyGg==
  dependencies:
    good-listener "^1.2.2"
    select "^1.1.2"
    tiny-emitter "^2.0.0"

codemirror-spell-checker@1.1.2:
  version "1.1.2"
  resolved "https://registry.yarnpkg.com/codemirror-spell-checker/-/codemirror-spell-checker-1.1.2.tgz#1c660f9089483ccb5113b9ba9ca19c3f4993371e"
  integrity sha1-HGYPkIlIPMtRE7m6nKGcP0mTNx4=
  dependencies:
    typo-js "*"

codemirror@^5.55.0:
  version "5.55.0"
  resolved "https://registry.yarnpkg.com/codemirror/-/codemirror-5.55.0.tgz#23731f641288f202a6858fdc878f3149e0e04363"
  integrity sha512-TumikSANlwiGkdF/Blnu/rqovZ0Y3Jh8yy9TqrPbSM0xxSucq3RgnpVDQ+mD9q6JERJEIT2FMuF/fBGfkhIR/g==

components-jqueryui@^1.0.0:
  version "1.12.1"
  resolved "https://registry.yarnpkg.com/components-jqueryui/-/components-jqueryui-1.12.1.tgz#617076f128f3be4c265f3e2db50471ef96cd9cee"
  integrity sha1-YXB28SjzvkwmXz4ttQRx75bNnO4=

datatables@1.10.18:
  version "1.10.18"
  resolved "https://registry.yarnpkg.com/datatables/-/datatables-1.10.18.tgz#fee16e82aa70b17c5faf1a6954ac68f404f33a70"
  integrity sha512-ntatMgS9NN6UMpwbmO+QkYJuKlVeMA2Mi0Gu/QxyIh+dW7ZjLSDhPT2tWlzjpIWEkDYgieDzS9Nu7bdQCW0sbQ==
  dependencies:
    jquery ">=1.7"

delegate@^3.1.2:
  version "3.2.0"
  resolved "https://registry.yarnpkg.com/delegate/-/delegate-3.2.0.tgz#b66b71c3158522e8ab5744f720d8ca0c2af59166"
  integrity sha512-IofjkYBZaZivn0V8nnsMJGBr4jVLxHDheKSW88PyxS5QC4Vo9ZbZVvhzlSxY87fVq3STR6r+4cGepyHkcWOQSw==

drmonty-datatables-plugins@^1.0.0:
  version "1.10.12"
  resolved "https://registry.yarnpkg.com/drmonty-datatables-plugins/-/drmonty-datatables-plugins-1.10.12.tgz#32fd57f562c938c2da4445cea9675330dd968eb1"
  integrity sha1-Mv1X9WLJOMLaREXOqWdTMN2WjrE=
  dependencies:
    jquery ">=1.7"

drmonty-datatables-responsive@^1.0.0:
  version "1.0.6"
  resolved "https://registry.yarnpkg.com/drmonty-datatables-responsive/-/drmonty-datatables-responsive-1.0.6.tgz#1c5c1de5ece54eefacf39f95daf75c43b7fffefd"
  integrity sha1-HFwd5ezlTu+s85+V2vdcQ7f//v0=
  dependencies:
    jquery ">=1.7.0"

easymde@^2.11.0:
  version "2.11.0"
  resolved "https://registry.yarnpkg.com/easymde/-/easymde-2.11.0.tgz#544d27c6f265c8be15b4256957731c6de3a6a5b9"
  integrity sha512-d7HtwPXqqARY6KMCMe0EWUfNvoMh/VzHystKZE35mkL7x4z6ZsVBIPyRviGxYyix2qkC3zFGh1A0uo9hLpNuBg==
  dependencies:
    codemirror "^5.55.0"
    codemirror-spell-checker "1.1.2"
    marked "^1.1.1"

eve-raphael@0.5.0:
  version "0.5.0"
  resolved "https://registry.yarnpkg.com/eve-raphael/-/eve-raphael-0.5.0.tgz#17c754b792beef3fa6684d79cf5a47c63c4cda30"
  integrity sha1-F8dUt5K+7z+maE15z1pHxjxM2jA=

flot-axis@markrcote/flot-axislabels#*:
  version "0.0.0"
  resolved "https://codeload.github.com/markrcote/flot-axislabels/tar.gz/a181e09d04d120d05e5bc2baaa8738b5b3670428"

flot@flot/flot#~0.8.3:
  version "0.8.3"
  resolved "https://codeload.github.com/flot/flot/tar.gz/453b017cc5acfd75e252b93e8635f57f4196d45d"

font-awesome@^4.0.0:
  version "4.7.0"
  resolved "https://registry.yarnpkg.com/font-awesome/-/font-awesome-4.7.0.tgz#8fa8cf0411a1a31afd07b06d2902bb9fc815a133"
  integrity sha1-j6jPBBGhoxr9B7BtKQK7n8gVoTM=

font-awesome@~4.4:
  version "4.4.0"
  resolved "https://registry.yarnpkg.com/font-awesome/-/font-awesome-4.4.0.tgz#9fe43f82cf72726badcbdb2704407aadaca17da9"
  integrity sha1-n+Q/gs9ycmuty9snBEB6rayhfak=

fullcalendar@^3.10.2:
  version "3.10.2"
  resolved "https://registry.yarnpkg.com/fullcalendar/-/fullcalendar-3.10.2.tgz#9b1ba84bb02803621b761d1bba91a4f18affafb7"
  integrity sha512-YWZaHdp8ZLBqhPz615PoXdA49ymsBTUF+MGDM6H3vyz71Pv/ZW9Pm9/Mj3x6n822k6bs2txFO7muRTSvBhsqKg==

good-listener@^1.2.2:
  version "1.2.2"
  resolved "https://registry.yarnpkg.com/good-listener/-/good-listener-1.2.2.tgz#d53b30cdf9313dffb7dc9a0d477096aa6d145c50"
  integrity sha1-1TswzfkxPf+33JoNR3CWqm0UXFA=
  dependencies:
    delegate "^3.1.2"

google-code-prettify@^1.0.0:
  version "1.0.5"
  resolved "https://registry.yarnpkg.com/google-code-prettify/-/google-code-prettify-1.0.5.tgz#9f477f224dbfa62372e5ef803a7e157410400084"
  integrity sha1-n0d/Ik2/piNy5e+AOn4VdBBAAIQ=

jquery-highlight@3.5.0:
  version "3.5.0"
  resolved "https://registry.yarnpkg.com/jquery-highlight/-/jquery-highlight-3.5.0.tgz#354fb3a8b98c594525ec1ccc003fd3d1dc305815"
  integrity sha512-5gzRomQyy3n/byb2G5zhbavdiXcPZ6rAWXtU5FgdEvguDEn90kMm9/QARY3zdKhH/+tfqqu9GNKocbMGf7ThNg==
  dependencies:
    jquery ">= 1.0.0"

jquery.cookie@1.4.1:
  version "1.4.1"
  resolved "https://registry.yarnpkg.com/jquery.cookie/-/jquery.cookie-1.4.1.tgz#d63dce209eab691fe63316db08ca9e47e0f9385b"
  integrity sha1-1j3OIJ6raR/mMxbbCMqeR+D5OFs=

jquery.flot.tooltip@^0.9.0:
  version "0.9.0"
  resolved "https://registry.yarnpkg.com/jquery.flot.tooltip/-/jquery.flot.tooltip-0.9.0.tgz#ae16bf94b26c2ed9ab4db167bba52dfdb615c1df"
  integrity sha1-rha/lLJsLtmrTbFnu6Ut/bYVwd8=

jquery.hotkeys@jeresig/jquery.hotkeys#master:
  version "0.2.0"
  resolved "https://codeload.github.com/jeresig/jquery.hotkeys/tar.gz/f24f1da275aab7881ab501055c256add6f690de4"

"jquery@>= 1.0.0", jquery@>=1.7, jquery@>=1.7.0, jquery@^3.4.0:
  version "3.4.1"
  resolved "https://registry.yarnpkg.com/jquery/-/jquery-3.4.1.tgz#714f1f8d9dde4bdfa55764ba37ef214630d80ef2"
  integrity sha512-36+AdBzCL+y6qjw5Tx7HgzeGCzC81MDDgaUP8ld2zhx58HdqXGoBd+tHdrBMiyjGQs0Hxs/MLZTu/eHNJJuWPw==

justgage@^1.3.0:
  version "1.3.5"
  resolved "https://registry.yarnpkg.com/justgage/-/justgage-1.3.5.tgz#b07b3f9c4e3d2d025d82c15521d21b3ae461ef34"
  integrity sha512-5P71LcTEqhg4Rh1rDKo9JgkE2cCZvHnKuagD80MXtEGvidLmRPm309YEwM2BHdEP4Q5DPwGUYjWQm4QY1QR4Yg==
  dependencies:
    raphael "^2.2.8"

marked@^1.1.1:
  version "1.1.1"
  resolved "https://registry.yarnpkg.com/marked/-/marked-1.1.1.tgz#e5d61b69842210d5df57b05856e0c91572703e6a"
  integrity sha512-mJzT8D2yPxoPh7h0UXkB+dBj4FykPJ2OIfxAWeIHrvoHDkFxukV/29QxoFQoPM6RLEwhIFdJpmKBlqVM3s2ZIw==

metismenu@~3.0.6:
  version "3.0.6"
  resolved "https://registry.yarnpkg.com/metismenu/-/metismenu-3.0.6.tgz#595ead90ccb88037ef8af5e5316598a3c57b7e54"
  integrity sha512-aO2XoKWMLNGAw3skRPWcAhZUtootPhEk6Lz5Jamc9RlulhThp4h09AoeXevhg4vVQvwQjl8UenN09Wnr2QeM5w==

moment@^2.27.0:
  version "2.27.0"
  resolved "https://registry.yarnpkg.com/moment/-/moment-2.27.0.tgz#8bff4e3e26a236220dfe3e36de756b6ebaa0105d"
  integrity sha512-al0MUK7cpIcglMv3YF13qSgdAIqxHTO7brRtaz3DlSULbqfazqkc5kEjNrLDOM7fsjshoFIihnU8snrP7zUvhQ==

morris.js@morrisjs/morris.js:
  version "0.5.1"
  resolved "https://codeload.github.com/morrisjs/morris.js/tar.gz/14530d0733801d5bef1264cf3d062ecace7e326b"

raphael@^2.2.8:
  version "2.3.0"
  resolved "https://registry.yarnpkg.com/raphael/-/raphael-2.3.0.tgz#eabeb09dba861a1d4cee077eaafb8c53f3131f89"
  integrity sha512-w2yIenZAQnp257XUWGni4bLMVxpUpcIl7qgxEgDIXtmSypYtlNxfXWpOBxs7LBTps5sDwhRnrToJrMUrivqNTQ==
  dependencies:
    eve-raphael "0.5.0"

select@^1.1.2:
  version "1.1.2"
  resolved "https://registry.yarnpkg.com/select/-/select-1.1.2.tgz#0e7350acdec80b1108528786ec1d4418d11b396d"
  integrity sha1-DnNQrN7ICxEIUoeG7B1EGNEbOW0=

startbootstrap-sb-admin-2@1.0.7:
  version "1.0.7"
  resolved "https://registry.yarnpkg.com/startbootstrap-sb-admin-2/-/startbootstrap-sb-admin-2-1.0.7.tgz#ef36a90903afb4a84a25c329b0292d06bf05b130"
  integrity sha1-7zapCQOvtKhKJcMpsCktBr8FsTA=

tiny-emitter@^2.0.0:
  version "2.1.0"
  resolved "https://registry.yarnpkg.com/tiny-emitter/-/tiny-emitter-2.1.0.tgz#1d1a56edfc51c43e863cbb5382a72330e3555423"
  integrity sha512-NB6Dk1A9xgQPMoGqC5CVXn123gWyte215ONT5Pp5a0yt4nlEoO1ZWeCwpncaekPHXO60i47ihFnZPiRPjRMq4Q==

typo-js@*:
  version "1.1.0"
  resolved "https://registry.yarnpkg.com/typo-js/-/typo-js-1.1.0.tgz#a5a9f592bcb453666bf70c9694da58705d025ed8"
  integrity sha512-W3kLbx+ML9PBl5Bzso/lTvVxk4BCveSNAtQeht59FEtxCdGThmn6wSHA4Xq3eQYAK24NHdisMM4JmsK0GFy/pg==
